// !$*UTF8*$!
{
	archiveVersion = 1;
	classes = {
	};
	objectVersion = 50;
	objects = {

/* Begin PBXBuildFile section */
		789B393022EB41E800C49A78 /* AppDelegate.swift in Sources */ = {isa = PBXBuildFile; fileRef = 789B392F22EB41E800C49A78 /* AppDelegate.swift */; };
		789B393222EB41E800C49A78 /* ViewController.swift in Sources */ = {isa = PBXBuildFile; fileRef = 789B393122EB41E800C49A78 /* ViewController.swift */; };
		789B393522EB41E800C49A78 /* Main.storyboard in Resources */ = {isa = PBXBuildFile; fileRef = 789B393322EB41E800C49A78 /* Main.storyboard */; };
		789B393722EB41EC00C49A78 /* Assets.xcassets in Resources */ = {isa = PBXBuildFile; fileRef = 789B393622EB41EC00C49A78 /* Assets.xcassets */; };
		789B393A22EB41EC00C49A78 /* LaunchScreen.storyboard in Resources */ = {isa = PBXBuildFile; fileRef = 789B393822EB41EC00C49A78 /* LaunchScreen.storyboard */; };
		789B394522EB41EC00C49A78 /* assignment02_A00426401Tests.swift in Sources */ = {isa = PBXBuildFile; fileRef = 789B394422EB41EC00C49A78 /* assignment02_A00426401Tests.swift */; };
		789B395022EB41EC00C49A78 /* assignment02_A00426401UITests.swift in Sources */ = {isa = PBXBuildFile; fileRef = 789B394F22EB41EC00C49A78 /* assignment02_A00426401UITests.swift */; };
		789B395E22EB420600C49A78 /* MainTableViewCell.swift in Sources */ = {isa = PBXBuildFile; fileRef = 789B395D22EB420600C49A78 /* MainTableViewCell.swift */; };
		789B396022EB422F00C49A78 /* EntranceViewController.swift in Sources */ = {isa = PBXBuildFile; fileRef = 789B395F22EB422F00C49A78 /* EntranceViewController.swift */; };
		789B396222EB426700C49A78 /* wonders.json in Resources */ = {isa = PBXBuildFile; fileRef = 789B396122EB426700C49A78 /* wonders.json */; };
		789B396422EB427800C49A78 /* Wonders.swift in Sources */ = {isa = PBXBuildFile; fileRef = 789B396322EB427800C49A78 /* Wonders.swift */; };
		789B396622EB42F100C49A78 /* MainTableViewController.swift in Sources */ = {isa = PBXBuildFile; fileRef = 789B396522EB42F100C49A78 /* MainTableViewController.swift */; };
		789B396822EB4CCF00C49A78 /* WondersDetailViewController.swift in Sources */ = {isa = PBXBuildFile; fileRef = 789B396722EB4CCF00C49A78 /* WondersDetailViewController.swift */; };
/* End PBXBuildFile section */

/* Begin PBXContainerItemProxy section */
		789B394122EB41EC00C49A78 /* PBXContainerItemProxy */ = {
			isa = PBXContainerItemProxy;
			containerPortal = 789B392422EB41E800C49A78 /* Project object */;
			proxyType = 1;
			remoteGlobalIDString = 789B392B22EB41E800C49A78;
			remoteInfo = assignment02_A00426401;
		};
		789B394C22EB41EC00C49A78 /* PBXContainerItemProxy */ = {
			isa = PBXContainerItemProxy;
			containerPortal = 789B392422EB41E800C49A78 /* Project object */;
			proxyType = 1;
			remoteGlobalIDString = 789B392B22EB41E800C49A78;
			remoteInfo = assignment02_A00426401;
		};
/* End PBXContainerItemProxy section */

/* Begin PBXFileReference section */
		789B392C22EB41E800C49A78 /* assignment02_A00426401.app */ = {isa = PBXFileReference; explicitFileType = wrapper.application; includeInIndex = 0; path = assignment02_A00426401.app; sourceTree = BUILT_PRODUCTS_DIR; };
		789B392F22EB41E800C49A78 /* AppDelegate.swift */ = {isa = PBXFileReference; lastKnownFileType = sourcecode.swift; path = AppDelegate.swift; sourceTree = "<group>"; };
		789B393122EB41E800C49A78 /* ViewController.swift */ = {isa = PBXFileReference; lastKnownFileType = sourcecode.swift; path = ViewController.swift; sourceTree = "<group>"; };
		789B393422EB41E800C49A78 /* Base */ = {isa = PBXFileReference; lastKnownFileType = file.storyboard; name = Base; path = Base.lproj/Main.storyboard; sourceTree = "<group>"; };
		789B393622EB41EC00C49A78 /* Assets.xcassets */ = {isa = PBXFileReference; lastKnownFileType = folder.assetcatalog; path = Assets.xcassets; sourceTree = "<group>"; };
		789B393922EB41EC00C49A78 /* Base */ = {isa = PBXFileReference; lastKnownFileType = file.storyboard; name = Base; path = Base.lproj/LaunchScreen.storyboard; sourceTree = "<group>"; };
		789B393B22EB41EC00C49A78 /* Info.plist */ = {isa = PBXFileReference; lastKnownFileType = text.plist.xml; path = Info.plist; sourceTree = "<group>"; };
		789B394022EB41EC00C49A78 /* assignment02_A00426401Tests.xctest */ = {isa = PBXFileReference; explicitFileType = wrapper.cfbundle; includeInIndex = 0; path = assignment02_A00426401Tests.xctest; sourceTree = BUILT_PRODUCTS_DIR; };
		789B394422EB41EC00C49A78 /* assignment02_A00426401Tests.swift */ = {isa = PBXFileReference; lastKnownFileType = sourcecode.swift; path = assignment02_A00426401Tests.swift; sourceTree = "<group>"; };
		789B394622EB41EC00C49A78 /* Info.plist */ = {isa = PBXFileReference; lastKnownFileType = text.plist.xml; path = Info.plist; sourceTree = "<group>"; };
		789B394B22EB41EC00C49A78 /* assignment02_A00426401UITests.xctest */ = {isa = PBXFileReference; explicitFileType = wrapper.cfbundle; includeInIndex = 0; path = assignment02_A00426401UITests.xctest; sourceTree = BUILT_PRODUCTS_DIR; };
		789B394F22EB41EC00C49A78 /* assignment02_A00426401UITests.swift */ = {isa = PBXFileReference; lastKnownFileType = sourcecode.swift; path = assignment02_A00426401UITests.swift; sourceTree = "<group>"; };
		789B395122EB41EC00C49A78 /* Info.plist */ = {isa = PBXFileReference; lastKnownFileType = text.plist.xml; path = Info.plist; sourceTree = "<group>"; };
		789B395D22EB420600C49A78 /* MainTableViewCell.swift */ = {isa = PBXFileReference; lastKnownFileType = sourcecode.swift; path = MainTableViewCell.swift; sourceTree = "<group>"; };
		789B395F22EB422F00C49A78 /* EntranceViewController.swift */ = {isa = PBXFileReference; lastKnownFileType = sourcecode.swift; path = EntranceViewController.swift; sourceTree = "<group>"; };
		789B396122EB426700C49A78 /* wonders.json */ = {isa = PBXFileReference; fileEncoding = 4; lastKnownFileType = text.json; name = wonders.json; path = ../../wonders.json; sourceTree = "<group>"; };
		789B396322EB427800C49A78 /* Wonders.swift */ = {isa = PBXFileReference; lastKnownFileType = sourcecode.swift; path = Wonders.swift; sourceTree = "<group>"; };
		789B396522EB42F100C49A78 /* MainTableViewController.swift */ = {isa = PBXFileReference; lastKnownFileType = sourcecode.swift; path = MainTableViewController.swift; sourceTree = "<group>"; };
		789B396722EB4CCF00C49A78 /* WondersDetailViewController.swift */ = {isa = PBXFileReference; lastKnownFileType = sourcecode.swift; path = WondersDetailViewController.swift; sourceTree = "<group>"; };
/* End PBXFileReference section */

/* Begin PBXFrameworksBuildPhase section */
		789B392922EB41E800C49A78 /* Frameworks */ = {
			isa = PBXFrameworksBuildPhase;
			buildActionMask = 2147483647;
			files = (
			);
			runOnlyForDeploymentPostprocessing = 0;
		};
		789B393D22EB41EC00C49A78 /* Frameworks */ = {
			isa = PBXFrameworksBuildPhase;
			buildActionMask = 2147483647;
			files = (
			);
			runOnlyForDeploymentPostprocessing = 0;
		};
		789B394822EB41EC00C49A78 /* Frameworks */ = {
			isa = PBXFrameworksBuildPhase;
			buildActionMask = 2147483647;
			files = (
			);
			runOnlyForDeploymentPostprocessing = 0;
		};
/* End PBXFrameworksBuildPhase section */

/* Begin PBXGroup section */
		789B392322EB41E800C49A78 = {
			isa = PBXGroup;
			children = (
				789B392E22EB41E800C49A78 /* assignment02_A00426401 */,
				789B394322EB41EC00C49A78 /* assignment02_A00426401Tests */,
				789B394E22EB41EC00C49A78 /* assignment02_A00426401UITests */,
				789B392D22EB41E800C49A78 /* Products */,
			);
			sourceTree = "<group>";
		};
		789B392D22EB41E800C49A78 /* Products */ = {
			isa = PBXGroup;
			children = (
				789B392C22EB41E800C49A78 /* assignment02_A00426401.app */,
				789B394022EB41EC00C49A78 /* assignment02_A00426401Tests.xctest */,
				789B394B22EB41EC00C49A78 /* assignment02_A00426401UITests.xctest */,
			);
			name = Products;
			sourceTree = "<group>";
		};
		789B392E22EB41E800C49A78 /* assignment02_A00426401 */ = {
			isa = PBXGroup;
			children = (
				789B392F22EB41E800C49A78 /* AppDelegate.swift */,
				789B393122EB41E800C49A78 /* ViewController.swift */,
				789B393322EB41E800C49A78 /* Main.storyboard */,
				789B393622EB41EC00C49A78 /* Assets.xcassets */,
				789B395D22EB420600C49A78 /* MainTableViewCell.swift */,
				789B396122EB426700C49A78 /* wonders.json */,
				789B393822EB41EC00C49A78 /* LaunchScreen.storyboard */,
				789B396522EB42F100C49A78 /* MainTableViewController.swift */,
				789B396322EB427800C49A78 /* Wonders.swift */,
				789B396722EB4CCF00C49A78 /* WondersDetailViewController.swift */,
				789B395F22EB422F00C49A78 /* EntranceViewController.swift */,
				789B393B22EB41EC00C49A78 /* Info.plist */,
			);
			path = assignment02_A00426401;
			sourceTree = "<group>";
		};
		789B394322EB41EC00C49A78 /* assignment02_A00426401Tests */ = {
			isa = PBXGroup;
			children = (
				789B394422EB41EC00C49A78 /* assignment02_A00426401Tests.swift */,
				789B394622EB41EC00C49A78 /* Info.plist */,
			);
			path = assignment02_A00426401Tests;
			sourceTree = "<group>";
		};
		789B394E22EB41EC00C49A78 /* assignment02_A00426401UITests */ = {
			isa = PBXGroup;
			children = (
				789B394F22EB41EC00C49A78 /* assignment02_A00426401UITests.swift */,
				789B395122EB41EC00C49A78 /* Info.plist */,
			);
			path = assignment02_A00426401UITests;
			sourceTree = "<group>";
		};
/* End PBXGroup section */

/* Begin PBXNativeTarget section */
		789B392B22EB41E800C49A78 /* assignment02_A00426401 */ = {
			isa = PBXNativeTarget;
			buildConfigurationList = 789B395422EB41EC00C49A78 /* Build configuration list for PBXNativeTarget "assignment02_A00426401" */;
			buildPhases = (
				789B392822EB41E800C49A78 /* Sources */,
				789B392922EB41E800C49A78 /* Frameworks */,
				789B392A22EB41E800C49A78 /* Resources */,
			);
			buildRules = (
			);
			dependencies = (
			);
			name = assignment02_A00426401;
			productName = assignment02_A00426401;
			productReference = 789B392C22EB41E800C49A78 /* assignment02_A00426401.app */;
			productType = "com.apple.product-type.application";
		};
		789B393F22EB41EC00C49A78 /* assignment02_A00426401Tests */ = {
			isa = PBXNativeTarget;
			buildConfigurationList = 789B395722EB41EC00C49A78 /* Build configuration list for PBXNativeTarget "assignment02_A00426401Tests" */;
			buildPhases = (
				789B393C22EB41EC00C49A78 /* Sources */,
				789B393D22EB41EC00C49A78 /* Frameworks */,
				789B393E22EB41EC00C49A78 /* Resources */,
			);
			buildRules = (
			);
			dependencies = (
				789B394222EB41EC00C49A78 /* PBXTargetDependency */,
			);
			name = assignment02_A00426401Tests;
			productName = assignment02_A00426401Tests;
			productReference = 789B394022EB41EC00C49A78 /* assignment02_A00426401Tests.xctest */;
			productType = "com.apple.product-type.bundle.unit-test";
		};
		789B394A22EB41EC00C49A78 /* assignment02_A00426401UITests */ = {
			isa = PBXNativeTarget;
			buildConfigurationList = 789B395A22EB41EC00C49A78 /* Build configuration list for PBXNativeTarget "assignment02_A00426401UITests" */;
			buildPhases = (
				789B394722EB41EC00C49A78 /* Sources */,
				789B394822EB41EC00C49A78 /* Frameworks */,
				789B394922EB41EC00C49A78 /* Resources */,
			);
			buildRules = (
			);
			dependencies = (
				789B394D22EB41EC00C49A78 /* PBXTargetDependency */,
			);
			name = assignment02_A00426401UITests;
			productName = assignment02_A00426401UITests;
			productReference = 789B394B22EB41EC00C49A78 /* assignment02_A00426401UITests.xctest */;
			productType = "com.apple.product-type.bundle.ui-testing";
		};
/* End PBXNativeTarget section */

/* Begin PBXProject section */
		789B392422EB41E800C49A78 /* Project object */ = {
			isa = PBXProject;
			attributes = {
				LastSwiftUpdateCheck = 1020;
				LastUpgradeCheck = 1020;
				ORGANIZATIONNAME = "jiye wang";
				TargetAttributes = {
					789B392B22EB41E800C49A78 = {
						CreatedOnToolsVersion = 10.2.1;
					};
					789B393F22EB41EC00C49A78 = {
						CreatedOnToolsVersion = 10.2.1;
						TestTargetID = 789B392B22EB41E800C49A78;
					};
					789B394A22EB41EC00C49A78 = {
						CreatedOnToolsVersion = 10.2.1;
						TestTargetID = 789B392B22EB41E800C49A78;
					};
				};
			};
			buildConfigurationList = 789B392722EB41E800C49A78 /* Build configuration list for PBXProject "assignment02_A00426401" */;
			compatibilityVersion = "Xcode 9.3";
			developmentRegion = en;
			hasScannedForEncodings = 0;
			knownRegions = (
				en,
				Base,
			);
			mainGroup = 789B392322EB41E800C49A78;
			productRefGroup = 789B392D22EB41E800C49A78 /* Products */;
			projectDirPath = "";
			projectRoot = "";
			targets = (
				789B392B22EB41E800C49A78 /* assignment02_A00426401 */,
				789B393F22EB41EC00C49A78 /* assignment02_A00426401Tests */,
				789B394A22EB41EC00C49A78 /* assignment02_A00426401UITests */,
			);
		};
/* End PBXProject section */

/* Begin PBXResourcesBuildPhase section */
		789B392A22EB41E800C49A78 /* Resources */ = {
			isa = PBXResourcesBuildPhase;
			buildActionMask = 2147483647;
			files = (
				789B393A22EB41EC00C49A78 /* LaunchScreen.storyboard in Resources */,
				789B393722EB41EC00C49A78 /* Assets.xcassets in Resources */,
				789B396222EB426700C49A78 /* wonders.json in Resources */,
				789B393522EB41E800C49A78 /* Main.storyboard in Resources */,
			);
			runOnlyForDeploymentPostprocessing = 0;
		};
		789B393E22EB41EC00C49A78 /* Resources */ = {
			isa = PBXResourcesBuildPhase;
			buildActionMask = 2147483647;
			files = (
			);
			runOnlyForDeploymentPostprocessing = 0;
		};
		789B394922EB41EC00C49A78 /* Resources */ = {
			isa = PBXResourcesBuildPhase;
			buildActionMask = 2147483647;
			files = (
			);
			runOnlyForDeploymentPostprocessing = 0;
		};
/* End PBXResourcesBuildPhase section */

/* Begin PBXSourcesBuildPhase section */
		789B392822EB41E800C49A78 /* Sources */ = {
			isa = PBXSourcesBuildPhase;
			buildActionMask = 2147483647;
			files = (
				789B396822EB4CCF00C49A78 /* WondersDetailViewController.swift in Sources */,
				789B393222EB41E800C49A78 /* ViewController.swift in Sources */,
				789B395E22EB420600C49A78 /* MainTableViewCell.swift in Sources */,
				789B396422EB427800C49A78 /* Wonders.swift in Sources */,
				789B396022EB422F00C49A78 /* EntranceViewController.swift in Sources */,
				789B396622EB42F100C49A78 /* MainTableViewController.swift in Sources */,
				789B393022EB41E800C49A78 /* AppDelegate.swift in Sources */,
			);
			runOnlyForDeploymentPostprocessing = 0;
		};
		789B393C22EB41EC00C49A78 /* Sources */ = {
			isa = PBXSourcesBuildPhase;
			buildActionMask = 2147483647;
			files = (
				789B394522EB41EC00C49A78 /* assignment02_A00426401Tests.swift in Sources */,
			);
			runOnlyForDeploymentPostprocessing = 0;
		};
		789B394722EB41EC00C49A78 /* Sources */ = {
			isa = PBXSourcesBuildPhase;
			buildActionMask = 2147483647;
			files = (
				789B395022EB41EC00C49A78 /* assignment02_A00426401UITests.swift in Sources */,
			);
			runOnlyForDeploymentPostprocessing = 0;
		};
/* End PBXSourcesBuildPhase section */

/* Begin PBXTargetDependency section */
		789B394222EB41EC00C49A78 /* PBXTargetDependency */ = {
			isa = PBXTargetDependency;
			target = 789B392B22EB41E800C49A78 /* assignment02_A00426401 */;
			targetProxy = 789B394122EB41EC00C49A78 /* PBXContainerItemProxy */;
		};
		789B394D22EB41EC00C49A78 /* PBXTargetDependency */ = {
			isa = PBXTargetDependency;
			target = 789B392B22EB41E800C49A78 /* assignment02_A00426401 */;
			targetProxy = 789B394C22EB41EC00C49A78 /* PBXContainerItemProxy */;
		};
/* End PBXTargetDependency section */

/* Begin PBXVariantGroup section */
		789B393322EB41E800C49A78 /* Main.storyboard */ = {
			isa = PBXVariantGroup;
			children = (
				789B393422EB41E800C49A78 /* Base */,
			);
			name = Main.storyboard;
			sourceTree = "<group>";
		};
		789B393822EB41EC00C49A78 /* LaunchScreen.storyboard */ = {
			isa = PBXVariantGroup;
			children = (
				789B393922EB41EC00C49A78 /* Base */,
			);
			name = LaunchScreen.storyboard;
			sourceTree = "<group>";
		};
/* End PBXVariantGroup section */

/* Begin XCBuildConfiguration section */
		789B395222EB41EC00C49A78 /* Debug */ = {
			isa = XCBuildConfiguration;
			buildSettings = {
				ALWAYS_SEARCH_USER_PATHS = NO;
				CLANG_ANALYZER_NONNULL = YES;
				CLANG_ANALYZER_NUMBER_OBJECT_CONVERSION = YES_AGGRESSIVE;
				CLANG_CXX_LANGUAGE_STANDARD = "gnu++14";
				CLANG_CXX_LIBRARY = "libc++";
				CLANG_ENABLE_MODULES = YES;
				CLANG_ENABLE_OBJC_ARC = YES;
				CLANG_ENABLE_OBJC_WEAK = YES;
				CLANG_WARN_BLOCK_CAPTURE_AUTORELEASING = YES;
				CLANG_WARN_BOOL_CONVERSION = YES;
				CLANG_WARN_COMMA = YES;
				CLANG_WARN_CONSTANT_CONVERSION = YES;
				CLANG_WARN_DEPRECATED_OBJC_IMPLEMENTATIONS = YES;
				CLANG_WARN_DIRECT_OBJC_ISA_USAGE = YES_ERROR;
				CLANG_WARN_DOCUMENTATION_COMMENTS = YES;
				CLANG_WARN_EMPTY_BODY = YES;
				CLANG_WARN_ENUM_CONVERSION = YES;
				CLANG_WARN_INFINITE_RECURSION = YES;
				CLANG_WARN_INT_CONVERSION = YES;
				CLANG_WARN_NON_LITERAL_NULL_CONVERSION = YES;
				CLANG_WARN_OBJC_IMPLICIT_RETAIN_SELF = YES;
				CLANG_WARN_OBJC_LITERAL_CONVERSION = YES;
				CLANG_WARN_OBJC_ROOT_CLASS = YES_ERROR;
				CLANG_WARN_RANGE_LOOP_ANALYSIS = YES;
				CLANG_WARN_STRICT_PROTOTYPES = YES;
				CLANG_WARN_SUSPICIOUS_MOVE = YES;
				CLANG_WARN_UNGUARDED_AVAILABILITY = YES_AGGRESSIVE;
				CLANG_WARN_UNREACHABLE_CODE = YES;
				CLANG_WARN__DUPLICATE_METHOD_MATCH = YES;
				CODE_SIGN_IDENTITY = "iPhone Developer";
				COPY_PHASE_STRIP = NO;
				DEBUG_INFORMATION_FORMAT = dwarf;
				ENABLE_STRICT_OBJC_MSGSEND = YES;
				ENABLE_TESTABILITY = YES;
				GCC_C_LANGUAGE_STANDARD = gnu11;
				GCC_DYNAMIC_NO_PIC = NO;
				GCC_NO_COMMON_BLOCKS = YES;
				GCC_OPTIMIZATION_LEVEL = 0;
				GCC_PREPROCESSOR_DEFINITIONS = (
					"DEBUG=1",
					"$(inherited)",
				);
				GCC_WARN_64_TO_32_BIT_CONVERSION = YES;
				GCC_WARN_ABOUT_RETURN_TYPE = YES_ERROR;
				GCC_WARN_UNDECLARED_SELECTOR = YES;
				GCC_WARN_UNINITIALIZED_AUTOS = YES_AGGRESSIVE;
				GCC_WARN_UNUSED_FUNCTION = YES;
				GCC_WARN_UNUSED_VARIABLE = YES;
				IPHONEOS_DEPLOYMENT_TARGET = 12.2;
				MTL_ENABLE_DEBUG_INFO = INCLUDE_SOURCE;
				MTL_FAST_MATH = YES;
				ONLY_ACTIVE_ARCH = YES;
				SDKROOT = iphoneos;
				SWIFT_ACTIVE_COMPILATION_CONDITIONS = DEBUG;
				SWIFT_OPTIMIZATION_LEVEL = "-Onone";
			};
			name = Debug;
		};
		789B395322EB41EC00C49A78 /* Release */ = {
			isa = XCBuildConfiguration;
			buildSettings = {
				ALWAYS_SEARCH_USER_PATHS = NO;
				CLANG_ANALYZER_NONNULL = YES;
				CLANG_ANALYZER_NUMBER_OBJECT_CONVERSION = YES_AGGRESSIVE;
				CLANG_CXX_LANGUAGE_STANDARD = "gnu++14";
				CLANG_CXX_LIBRARY = "libc++";
				CLANG_ENABLE_MODULES = YES;
				CLANG_ENABLE_OBJC_ARC = YES;
				CLANG_ENABLE_OBJC_WEAK = YES;
				CLANG_WARN_BLOCK_CAPTURE_AUTORELEASING = YES;
				CLANG_WARN_BOOL_CONVERSION = YES;
				CLANG_WARN_COMMA = YES;
				CLANG_WARN_CONSTANT_CONVERSION = YES;
				CLANG_WARN_DEPRECATED_OBJC_IMPLEMENTATIONS = YES;
				CLANG_WARN_DIRECT_OBJC_ISA_USAGE = YES_ERROR;
				CLANG_WARN_DOCUMENTATION_COMMENTS = YES;
				CLANG_WARN_EMPTY_BODY = YES;
				CLANG_WARN_ENUM_CONVERSION = YES;
				CLANG_WARN_INFINITE_RECURSION = YES;
				CLANG_WARN_INT_CONVERSION = YES;
				CLANG_WARN_NON_LITERAL_NULL_CONVERSION = YES;
				CLANG_WARN_OBJC_IMPLICIT_RETAIN_SELF = YES;
				CLANG_WARN_OBJC_LITERAL_CONVERSION = YES;
				CLANG_WARN_OBJC_ROOT_CLASS = YES_ERROR;
				CLANG_WARN_RANGE_LOOP_ANALYSIS = YES;
				CLANG_WARN_STRICT_PROTOTYPES = YES;
				CLANG_WARN_SUSPICIOUS_MOVE = YES;
				CLANG_WARN_UNGUARDED_AVAILABILITY = YES_AGGRESSIVE;
				CLANG_WARN_UNREACHABLE_CODE = YES;
				CLANG_WARN__DUPLICATE_METHOD_MATCH = YES;
				CODE_SIGN_IDENTITY = "iPhone Developer";
				COPY_PHASE_STRIP = NO;
				DEBUG_INFORMATION_FORMAT = "dwarf-with-dsym";
				ENABLE_NS_ASSERTIONS = NO;
				ENABLE_STRICT_OBJC_MSGSEND = YES;
				GCC_C_LANGUAGE_STANDARD = gnu11;
				GCC_NO_COMMON_BLOCKS = YES;
				GCC_WARN_64_TO_32_BIT_CONVERSION = YES;
				GCC_WARN_ABOUT_RETURN_TYPE = YES_ERROR;
				GCC_WARN_UNDECLARED_SELECTOR = YES;
				GCC_WARN_UNINITIALIZED_AUTOS = YES_AGGRESSIVE;
				GCC_WARN_UNUSED_FUNCTION = YES;
				GCC_WARN_UNUSED_VARIABLE = YES;
				IPHONEOS_DEPLOYMENT_TARGET = 12.2;
				MTL_ENABLE_DEBUG_INFO = NO;
				MTL_FAST_MATH = YES;
				SDKROOT = iphoneos;
				SWIFT_COMPILATION_MODE = wholemodule;
				SWIFT_OPTIMIZATION_LEVEL = "-O";
				VALIDATE_PRODUCT = YES;
			};
			name = Release;
		};
		789B395522EB41EC00C49A78 /* Debug */ = {
			isa = XCBuildConfiguration;
			buildSettings = {
				ASSETCATALOG_COMPILER_APPICON_NAME = AppIcon;
				CODE_SIGN_STYLE = Automatic;
				INFOPLIST_FILE = assignment02_A00426401/Info.plist;
				LD_RUNPATH_SEARCH_PATHS = (
					"$(inherited)",
					"@executable_path/Frameworks",
				);
				PRODUCT_BUNDLE_IDENTIFIER = "Jiye-Wang.assignment02-A00426401";
				PRODUCT_NAME = "$(TARGET_NAME)";
				SWIFT_VERSION = 5.0;
				TARGETED_DEVICE_FAMILY = "1,2";
			};
			name = Debug;
		};
		789B395622EB41EC00C49A78 /* Release */ = {
			isa = XCBuildConfiguration;
			buildSettings = {
				ASSETCATALOG_COMPILER_APPICON_NAME = AppIcon;
				CODE_SIGN_STYLE = Automatic;
				INFOPLIST_FILE = assignment02_A00426401/Info.plist;
				LD_RUNPATH_SEARCH_PATHS = (
					"$(inherited)",
					"@executable_path/Frameworks",
				);
				PRODUCT_BUNDLE_IDENTIFIER = "Jiye-Wang.assignment02-A00426401";
				PRODUCT_NAME = "$(TARGET_NAME)";
				SWIFT_VERSION = 5.0;
				TARGETED_DEVICE_FAMILY = "1,2";
			};
			name = Release;
		};
		789B395822EB41EC00C49A78 /* Debug */ = {
			isa = XCBuildConfiguration;
			buildSettings = {
				ALWAYS_EMBED_SWIFT_STANDARD_LIBRARIES = YES;
				BUNDLE_LOADER = "$(TEST_HOST)";
				CODE_SIGN_STYLE = Automatic;
				INFOPLIST_FILE = assignment02_A00426401Tests/Info.plist;
				LD_RUNPATH_SEARCH_PATHS = (
					"$(inherited)",
					"@executable_path/Frameworks",
					"@loader_path/Frameworks",
				);
				PRODUCT_BUNDLE_IDENTIFIER = "Jiye-Wang.assignment02-A00426401Tests";
				PRODUCT_NAME = "$(TARGET_NAME)";
				SWIFT_VERSION = 5.0;
				TARGETED_DEVICE_FAMILY = "1,2";
				TEST_HOST = "$(BUILT_PRODUCTS_DIR)/assignment02_A00426401.app/assignment02_A00426401";
			};
			name = Debug;
		};
		789B395922EB41EC00C49A78 /* Release */ = {
			isa = XCBuildConfiguration;
			buildSettings = {
				ALWAYS_EMBED_SWIFT_STANDARD_LIBRARIES = YES;
				BUNDLE_LOADER = "$(TEST_HOST)";
				CODE_SIGN_STYLE = Automatic;
				INFOPLIST_FILE = assignment02_A00426401Tests/Info.plist;
				LD_RUNPATH_SEARCH_PATHS = (
					"$(inherited)",
					"@executable_path/Frameworks",
					"@loader_path/Frameworks",
				);
				PRODUCT_BUNDLE_IDENTIFIER = "Jiye-Wang.assignment02-A00426401Tests";
				PRODUCT_NAME = "$(TARGET_NAME)";
				SWIFT_VERSION = 5.0;
				TARGETED_DEVICE_FAMILY = "1,2";
				TEST_HOST = "$(BUILT_PRODUCTS_DIR)/assignment02_A00426401.app/assignment02_A00426401";
			};
			name = Release;
		};
		789B395B22EB41EC00C49A78 /* Debug */ = {
			isa = XCBuildConfiguration;
			buildSettings = {
				ALWAYS_EMBED_SWIFT_STANDARD_LIBRARIES = YES;
				CODE_SIGN_STYLE = Automatic;
				INFOPLIST_FILE = assignment02_A00426401UITests/Info.plist;
				LD_RUNPATH_SEARCH_PATHS = (
					"$(inherited)",
					"@executable_path/Frameworks",
					"@loader_path/Frameworks",
				);
				PRODUCT_BUNDLE_IDENTIFIER = "Jiye-Wang.assignment02-A00426401UITests";
				PRODUCT_NAME = "$(TARGET_NAME)";
				SWIFT_VERSION = 5.0;
				TARGETED_DEVICE_FAMILY = "1,2";
				TEST_TARGET_NAME = assignment02_A00426401;
			};
			name = Debug;
		};
		789B395C22EB41EC00C49A78 /* Release */ = {
			isa = XCBuildConfiguration;
			buildSettings = {
				ALWAYS_EMBED_SWIFT_STANDARD_LIBRARIES = YES;
				CODE_SIGN_STYLE = Automatic;
				INFOPLIST_FILE = assignment02_A00426401UITests/Info.plist;
				LD_RUNPATH_SEARCH_PATHS = (
					"$(inherited)",
					"@executable_path/Frameworks",
					"@loader_path/Frameworks",
				);
				PRODUCT_BUNDLE_IDENTIFIER = "Jiye-Wang.assignment02-A00426401UITests";
				PRODUCT_NAME = "$(TARGET_NAME)";
				SWIFT_VERSION = 5.0;
				TARGETED_DEVICE_FAMILY = "1,2";
				TEST_TARGET_NAME = assignment02_A00426401;
			};
			name = Release;
		};
/* End XCBuildConfiguration section */

/* Begin XCConfigurationList section */
		789B392722EB41E800C49A78 /* Build configuration list for PBXProject "assignment02_A00426401" */ = {
			isa = XCConfigurationList;
			buildConfigurations = (
				789B395222EB41EC00C49A78 /* Debug */,
				789B395322EB41EC00C49A78 /* Release */,
			);
			defaultConfigurationIsVisible = 0;
			defaultConfigurationName = Release;
		};
		789B395422EB41EC00C49A78 /* Build configuration list for PBXNativeTarget "assignment02_A00426401" */ = {
			isa = XCConfigurationList;
			buildConfigurations = (
				789B395522EB41EC00C49A78 /* Debug */,
				789B395622EB41EC00C49A78 /* Release */,
			);
			defaultConfigurationIsVisible = 0;
			defaultConfigurationName = Release;
		};
		789B395722EB41EC00C49A78 /* Build configuration list for PBXNativeTarget "assignment02_A00426401Tests" */ = {
			isa = XCConfigurationList;
			buildConfigurations = (
				789B395822EB41EC00C49A78 /* Debug */,
				789B395922EB41EC00C49A78 /* Release */,
			);
			defaultConfigurationIsVisible = 0;
			defaultConfigurationName = Release;
		};
		789B395A22EB41EC00C49A78 /* Build configuration list for PBXNativeTarget "assignment02_A00426401UITests" */ = {
			isa = XCConfigurationList;
			buildConfigurations = (
				789B395B22EB41EC00C49A78 /* Debug */,
				789B395C22EB41EC00C49A78 /* Release */,
			);
			defaultConfigurationIsVisible = 0;
			defaultConfigurationName = Release;
		};
/* End XCConfigurationList section */
	};
	rootObject = 789B392422EB41E800C49A78 /* Project object */;
}
