// !$*UTF8*$!
{
	archiveVersion = 1;
	classes = {
	};
	objectVersion = 50;
	objects = {

/* Begin PBXBuildFile section */
		78BF2E5C22DE452D001056B8 /* AppDelegate.swift in Sources */ = {isa = PBXBuildFile; fileRef = 78BF2E5B22DE452D001056B8 /* AppDelegate.swift */; };
		78BF2E5E22DE452D001056B8 /* ViewController.swift in Sources */ = {isa = PBXBuildFile; fileRef = 78BF2E5D22DE452D001056B8 /* ViewController.swift */; };
		78BF2E6122DE452D001056B8 /* Main.storyboard in Resources */ = {isa = PBXBuildFile; fileRef = 78BF2E5F22DE452D001056B8 /* Main.storyboard */; };
		78BF2E6322DE452D001056B8 /* Assets.xcassets in Resources */ = {isa = PBXBuildFile; fileRef = 78BF2E6222DE452D001056B8 /* Assets.xcassets */; };
		78BF2E6622DE452D001056B8 /* LaunchScreen.storyboard in Resources */ = {isa = PBXBuildFile; fileRef = 78BF2E6422DE452D001056B8 /* LaunchScreen.storyboard */; };
		78BF2E7122DE452D001056B8 /* assignment01_A00426401Tests.swift in Sources */ = {isa = PBXBuildFile; fileRef = 78BF2E7022DE452D001056B8 /* assignment01_A00426401Tests.swift */; };
		78BF2E7C22DE452D001056B8 /* assignment01_A00426401UITests.swift in Sources */ = {isa = PBXBuildFile; fileRef = 78BF2E7B22DE452D001056B8 /* assignment01_A00426401UITests.swift */; };
		78BF2E8A22DE455D001056B8 /* MainViewController.swift in Sources */ = {isa = PBXBuildFile; fileRef = 78BF2E8922DE455D001056B8 /* MainViewController.swift */; };
		78BF2E8C22DE464C001056B8 /* GameViewController.swift in Sources */ = {isa = PBXBuildFile; fileRef = 78BF2E8B22DE464C001056B8 /* GameViewController.swift */; };
		78BF2E8E22DE473E001056B8 /* ResultViewController.swift in Sources */ = {isa = PBXBuildFile; fileRef = 78BF2E8D22DE473E001056B8 /* ResultViewController.swift */; };
/* End PBXBuildFile section */

/* Begin PBXContainerItemProxy section */
		78BF2E6D22DE452D001056B8 /* PBXContainerItemProxy */ = {
			isa = PBXContainerItemProxy;
			containerPortal = 78BF2E5022DE452D001056B8 /* Project object */;
			proxyType = 1;
			remoteGlobalIDString = 78BF2E5722DE452D001056B8;
			remoteInfo = assignment01_A00426401;
		};
		78BF2E7822DE452D001056B8 /* PBXContainerItemProxy */ = {
			isa = PBXContainerItemProxy;
			containerPortal = 78BF2E5022DE452D001056B8 /* Project object */;
			proxyType = 1;
			remoteGlobalIDString = 78BF2E5722DE452D001056B8;
			remoteInfo = assignment01_A00426401;
		};
/* End PBXContainerItemProxy section */

/* Begin PBXFileReference section */
		78BF2E5822DE452D001056B8 /* assignment01_A00426401.app */ = {isa = PBXFileReference; explicitFileType = wrapper.application; includeInIndex = 0; path = assignment01_A00426401.app; sourceTree = BUILT_PRODUCTS_DIR; };
		78BF2E5B22DE452D001056B8 /* AppDelegate.swift */ = {isa = PBXFileReference; lastKnownFileType = sourcecode.swift; path = AppDelegate.swift; sourceTree = "<group>"; };
		78BF2E5D22DE452D001056B8 /* ViewController.swift */ = {isa = PBXFileReference; lastKnownFileType = sourcecode.swift; path = ViewController.swift; sourceTree = "<group>"; };
		78BF2E6022DE452D001056B8 /* Base */ = {isa = PBXFileReference; lastKnownFileType = file.storyboard; name = Base; path = Base.lproj/Main.storyboard; sourceTree = "<group>"; };
		78BF2E6222DE452D001056B8 /* Assets.xcassets */ = {isa = PBXFileReference; lastKnownFileType = folder.assetcatalog; path = Assets.xcassets; sourceTree = "<group>"; };
		78BF2E6522DE452D001056B8 /* Base */ = {isa = PBXFileReference; lastKnownFileType = file.storyboard; name = Base; path = Base.lproj/LaunchScreen.storyboard; sourceTree = "<group>"; };
		78BF2E6722DE452D001056B8 /* Info.plist */ = {isa = PBXFileReference; lastKnownFileType = text.plist.xml; path = Info.plist; sourceTree = "<group>"; };
		78BF2E6C22DE452D001056B8 /* assignment01_A00426401Tests.xctest */ = {isa = PBXFileReference; explicitFileType = wrapper.cfbundle; includeInIndex = 0; path = assignment01_A00426401Tests.xctest; sourceTree = BUILT_PRODUCTS_DIR; };
		78BF2E7022DE452D001056B8 /* assignment01_A00426401Tests.swift */ = {isa = PBXFileReference; lastKnownFileType = sourcecode.swift; path = assignment01_A00426401Tests.swift; sourceTree = "<group>"; };
		78BF2E7222DE452D001056B8 /* Info.plist */ = {isa = PBXFileReference; lastKnownFileType = text.plist.xml; path = Info.plist; sourceTree = "<group>"; };
		78BF2E7722DE452D001056B8 /* assignment01_A00426401UITests.xctest */ = {isa = PBXFileReference; explicitFileType = wrapper.cfbundle; includeInIndex = 0; path = assignment01_A00426401UITests.xctest; sourceTree = BUILT_PRODUCTS_DIR; };
		78BF2E7B22DE452D001056B8 /* assignment01_A00426401UITests.swift */ = {isa = PBXFileReference; lastKnownFileType = sourcecode.swift; path = assignment01_A00426401UITests.swift; sourceTree = "<group>"; };
		78BF2E7D22DE452D001056B8 /* Info.plist */ = {isa = PBXFileReference; lastKnownFileType = text.plist.xml; path = Info.plist; sourceTree = "<group>"; };
		78BF2E8922DE455D001056B8 /* MainViewController.swift */ = {isa = PBXFileReference; lastKnownFileType = sourcecode.swift; path = MainViewController.swift; sourceTree = "<group>"; };
		78BF2E8B22DE464C001056B8 /* GameViewController.swift */ = {isa = PBXFileReference; lastKnownFileType = sourcecode.swift; path = GameViewController.swift; sourceTree = "<group>"; };
		78BF2E8D22DE473E001056B8 /* ResultViewController.swift */ = {isa = PBXFileReference; lastKnownFileType = sourcecode.swift; path = ResultViewController.swift; sourceTree = "<group>"; };
/* End PBXFileReference section */

/* Begin PBXFrameworksBuildPhase section */
		78BF2E5522DE452D001056B8 /* Frameworks */ = {
			isa = PBXFrameworksBuildPhase;
			buildActionMask = 2147483647;
			files = (
			);
			runOnlyForDeploymentPostprocessing = 0;
		};
		78BF2E6922DE452D001056B8 /* Frameworks */ = {
			isa = PBXFrameworksBuildPhase;
			buildActionMask = 2147483647;
			files = (
			);
			runOnlyForDeploymentPostprocessing = 0;
		};
		78BF2E7422DE452D001056B8 /* Frameworks */ = {
			isa = PBXFrameworksBuildPhase;
			buildActionMask = 2147483647;
			files = (
			);
			runOnlyForDeploymentPostprocessing = 0;
		};
/* End PBXFrameworksBuildPhase section */

/* Begin PBXGroup section */
		78BF2E4F22DE452D001056B8 = {
			isa = PBXGroup;
			children = (
				78BF2E5A22DE452D001056B8 /* assignment01_A00426401 */,
				78BF2E6F22DE452D001056B8 /* assignment01_A00426401Tests */,
				78BF2E7A22DE452D001056B8 /* assignment01_A00426401UITests */,
				78BF2E5922DE452D001056B8 /* Products */,
			);
			sourceTree = "<group>";
		};
		78BF2E5922DE452D001056B8 /* Products */ = {
			isa = PBXGroup;
			children = (
				78BF2E5822DE452D001056B8 /* assignment01_A00426401.app */,
				78BF2E6C22DE452D001056B8 /* assignment01_A00426401Tests.xctest */,
				78BF2E7722DE452D001056B8 /* assignment01_A00426401UITests.xctest */,
			);
			name = Products;
			sourceTree = "<group>";
		};
		78BF2E5A22DE452D001056B8 /* assignment01_A00426401 */ = {
			isa = PBXGroup;
			children = (
				78BF2E5B22DE452D001056B8 /* AppDelegate.swift */,
				78BF2E5D22DE452D001056B8 /* ViewController.swift */,
				78BF2E5F22DE452D001056B8 /* Main.storyboard */,
				78BF2E6222DE452D001056B8 /* Assets.xcassets */,
				78BF2E6422DE452D001056B8 /* LaunchScreen.storyboard */,
				78BF2E8922DE455D001056B8 /* MainViewController.swift */,
				78BF2E8D22DE473E001056B8 /* ResultViewController.swift */,
				78BF2E8B22DE464C001056B8 /* GameViewController.swift */,
				78BF2E6722DE452D001056B8 /* Info.plist */,
			);
			path = assignment01_A00426401;
			sourceTree = "<group>";
		};
		78BF2E6F22DE452D001056B8 /* assignment01_A00426401Tests */ = {
			isa = PBXGroup;
			children = (
				78BF2E7022DE452D001056B8 /* assignment01_A00426401Tests.swift */,
				78BF2E7222DE452D001056B8 /* Info.plist */,
			);
			path = assignment01_A00426401Tests;
			sourceTree = "<group>";
		};
		78BF2E7A22DE452D001056B8 /* assignment01_A00426401UITests */ = {
			isa = PBXGroup;
			children = (
				78BF2E7B22DE452D001056B8 /* assignment01_A00426401UITests.swift */,
				78BF2E7D22DE452D001056B8 /* Info.plist */,
			);
			path = assignment01_A00426401UITests;
			sourceTree = "<group>";
		};
/* End PBXGroup section */

/* Begin PBXNativeTarget section */
		78BF2E5722DE452D001056B8 /* assignment01_A00426401 */ = {
			isa = PBXNativeTarget;
			buildConfigurationList = 78BF2E8022DE452D001056B8 /* Build configuration list for PBXNativeTarget "assignment01_A00426401" */;
			buildPhases = (
				78BF2E5422DE452D001056B8 /* Sources */,
				78BF2E5522DE452D001056B8 /* Frameworks */,
				78BF2E5622DE452D001056B8 /* Resources */,
			);
			buildRules = (
			);
			dependencies = (
			);
			name = assignment01_A00426401;
			productName = assignment01_A00426401;
			productReference = 78BF2E5822DE452D001056B8 /* assignment01_A00426401.app */;
			productType = "com.apple.product-type.application";
		};
		78BF2E6B22DE452D001056B8 /* assignment01_A00426401Tests */ = {
			isa = PBXNativeTarget;
			buildConfigurationList = 78BF2E8322DE452D001056B8 /* Build configuration list for PBXNativeTarget "assignment01_A00426401Tests" */;
			buildPhases = (
				78BF2E6822DE452D001056B8 /* Sources */,
				78BF2E6922DE452D001056B8 /* Frameworks */,
				78BF2E6A22DE452D001056B8 /* Resources */,
			);
			buildRules = (
			);
			dependencies = (
				78BF2E6E22DE452D001056B8 /* PBXTargetDependency */,
			);
			name = assignment01_A00426401Tests;
			productName = assignment01_A00426401Tests;
			productReference = 78BF2E6C22DE452D001056B8 /* assignment01_A00426401Tests.xctest */;
			productType = "com.apple.product-type.bundle.unit-test";
		};
		78BF2E7622DE452D001056B8 /* assignment01_A00426401UITests */ = {
			isa = PBXNativeTarget;
			buildConfigurationList = 78BF2E8622DE452D001056B8 /* Build configuration list for PBXNativeTarget "assignment01_A00426401UITests" */;
			buildPhases = (
				78BF2E7322DE452D001056B8 /* Sources */,
				78BF2E7422DE452D001056B8 /* Frameworks */,
				78BF2E7522DE452D001056B8 /* Resources */,
			);
			buildRules = (
			);
			dependencies = (
				78BF2E7922DE452D001056B8 /* PBXTargetDependency */,
			);
			name = assignment01_A00426401UITests;
			productName = assignment01_A00426401UITests;
			productReference = 78BF2E7722DE452D001056B8 /* assignment01_A00426401UITests.xctest */;
			productType = "com.apple.product-type.bundle.ui-testing";
		};
/* End PBXNativeTarget section */

/* Begin PBXProject section */
		78BF2E5022DE452D001056B8 /* Project object */ = {
			isa = PBXProject;
			attributes = {
				LastSwiftUpdateCheck = 1020;
				LastUpgradeCheck = 1020;
				ORGANIZATIONNAME = "jiye wang";
				TargetAttributes = {
					78BF2E5722DE452D001056B8 = {
						CreatedOnToolsVersion = 10.2.1;
					};
					78BF2E6B22DE452D001056B8 = {
						CreatedOnToolsVersion = 10.2.1;
						TestTargetID = 78BF2E5722DE452D001056B8;
					};
					78BF2E7622DE452D001056B8 = {
						CreatedOnToolsVersion = 10.2.1;
						TestTargetID = 78BF2E5722DE452D001056B8;
					};
				};
			};
			buildConfigurationList = 78BF2E5322DE452D001056B8 /* Build configuration list for PBXProject "assignment01_A00426401" */;
			compatibilityVersion = "Xcode 9.3";
			developmentRegion = en;
			hasScannedForEncodings = 0;
			knownRegions = (
				en,
				Base,
			);
			mainGroup = 78BF2E4F22DE452D001056B8;
			productRefGroup = 78BF2E5922DE452D001056B8 /* Products */;
			projectDirPath = "";
			projectRoot = "";
			targets = (
				78BF2E5722DE452D001056B8 /* assignment01_A00426401 */,
				78BF2E6B22DE452D001056B8 /* assignment01_A00426401Tests */,
				78BF2E7622DE452D001056B8 /* assignment01_A00426401UITests */,
			);
		};
/* End PBXProject section */

/* Begin PBXResourcesBuildPhase section */
		78BF2E5622DE452D001056B8 /* Resources */ = {
			isa = PBXResourcesBuildPhase;
			buildActionMask = 2147483647;
			files = (
				78BF2E6622DE452D001056B8 /* LaunchScreen.storyboard in Resources */,
				78BF2E6322DE452D001056B8 /* Assets.xcassets in Resources */,
				78BF2E6122DE452D001056B8 /* Main.storyboard in Resources */,
			);
			runOnlyForDeploymentPostprocessing = 0;
		};
		78BF2E6A22DE452D001056B8 /* Resources */ = {
			isa = PBXResourcesBuildPhase;
			buildActionMask = 2147483647;
			files = (
			);
			runOnlyForDeploymentPostprocessing = 0;
		};
		78BF2E7522DE452D001056B8 /* Resources */ = {
			isa = PBXResourcesBuildPhase;
			buildActionMask = 2147483647;
			files = (
			);
			runOnlyForDeploymentPostprocessing = 0;
		};
/* End PBXResourcesBuildPhase section */

/* Begin PBXSourcesBuildPhase section */
		78BF2E5422DE452D001056B8 /* Sources */ = {
			isa = PBXSourcesBuildPhase;
			buildActionMask = 2147483647;
			files = (
				78BF2E8E22DE473E001056B8 /* ResultViewController.swift in Sources */,
				78BF2E8C22DE464C001056B8 /* GameViewController.swift in Sources */,
				78BF2E8A22DE455D001056B8 /* MainViewController.swift in Sources */,
				78BF2E5E22DE452D001056B8 /* ViewController.swift in Sources */,
				78BF2E5C22DE452D001056B8 /* AppDelegate.swift in Sources */,
			);
			runOnlyForDeploymentPostprocessing = 0;
		};
		78BF2E6822DE452D001056B8 /* Sources */ = {
			isa = PBXSourcesBuildPhase;
			buildActionMask = 2147483647;
			files = (
				78BF2E7122DE452D001056B8 /* assignment01_A00426401Tests.swift in Sources */,
			);
			runOnlyForDeploymentPostprocessing = 0;
		};
		78BF2E7322DE452D001056B8 /* Sources */ = {
			isa = PBXSourcesBuildPhase;
			buildActionMask = 2147483647;
			files = (
				78BF2E7C22DE452D001056B8 /* assignment01_A00426401UITests.swift in Sources */,
			);
			runOnlyForDeploymentPostprocessing = 0;
		};
/* End PBXSourcesBuildPhase section */

/* Begin PBXTargetDependency section */
		78BF2E6E22DE452D001056B8 /* PBXTargetDependency */ = {
			isa = PBXTargetDependency;
			target = 78BF2E5722DE452D001056B8 /* assignment01_A00426401 */;
			targetProxy = 78BF2E6D22DE452D001056B8 /* PBXContainerItemProxy */;
		};
		78BF2E7922DE452D001056B8 /* PBXTargetDependency */ = {
			isa = PBXTargetDependency;
			target = 78BF2E5722DE452D001056B8 /* assignment01_A00426401 */;
			targetProxy = 78BF2E7822DE452D001056B8 /* PBXContainerItemProxy */;
		};
/* End PBXTargetDependency section */

/* Begin PBXVariantGroup section */
		78BF2E5F22DE452D001056B8 /* Main.storyboard */ = {
			isa = PBXVariantGroup;
			children = (
				78BF2E6022DE452D001056B8 /* Base */,
			);
			name = Main.storyboard;
			sourceTree = "<group>";
		};
		78BF2E6422DE452D001056B8 /* LaunchScreen.storyboard */ = {
			isa = PBXVariantGroup;
			children = (
				78BF2E6522DE452D001056B8 /* Base */,
			);
			name = LaunchScreen.storyboard;
			sourceTree = "<group>";
		};
/* End PBXVariantGroup section */

/* Begin XCBuildConfiguration section */
		78BF2E7E22DE452D001056B8 /* Debug */ = {
			isa = XCBuildConfiguration;
			buildSettings = {
				ALWAYS_SEARCH_USER_PATHS = NO;
				CLANG_ANALYZER_NONNULL = YES;
				CLANG_ANALYZER_NUMBER_OBJECT_CONVERSION = YES_AGGRESSIVE;
				CLANG_CXX_LANGUAGE_STANDARD = "gnu++14";
				CLANG_CXX_LIBRARY = "libc++";
				CLANG_ENABLE_MODULES = YES;
				CLANG_ENABLE_OBJC_ARC = YES;
				CLANG_ENABLE_OBJC_WEAK = YES;
				CLANG_WARN_BLOCK_CAPTURE_AUTORELEASING = YES;
				CLANG_WARN_BOOL_CONVERSION = YES;
				CLANG_WARN_COMMA = YES;
				CLANG_WARN_CONSTANT_CONVERSION = YES;
				CLANG_WARN_DEPRECATED_OBJC_IMPLEMENTATIONS = YES;
				CLANG_WARN_DIRECT_OBJC_ISA_USAGE = YES_ERROR;
				CLANG_WARN_DOCUMENTATION_COMMENTS = YES;
				CLANG_WARN_EMPTY_BODY = YES;
				CLANG_WARN_ENUM_CONVERSION = YES;
				CLANG_WARN_INFINITE_RECURSION = YES;
				CLANG_WARN_INT_CONVERSION = YES;
				CLANG_WARN_NON_LITERAL_NULL_CONVERSION = YES;
				CLANG_WARN_OBJC_IMPLICIT_RETAIN_SELF = YES;
				CLANG_WARN_OBJC_LITERAL_CONVERSION = YES;
				CLANG_WARN_OBJC_ROOT_CLASS = YES_ERROR;
				CLANG_WARN_RANGE_LOOP_ANALYSIS = YES;
				CLANG_WARN_STRICT_PROTOTYPES = YES;
				CLANG_WARN_SUSPICIOUS_MOVE = YES;
				CLANG_WARN_UNGUARDED_AVAILABILITY = YES_AGGRESSIVE;
				CLANG_WARN_UNREACHABLE_CODE = YES;
				CLANG_WARN__DUPLICATE_METHOD_MATCH = YES;
				CODE_SIGN_IDENTITY = "iPhone Developer";
				COPY_PHASE_STRIP = NO;
				DEBUG_INFORMATION_FORMAT = dwarf;
				ENABLE_STRICT_OBJC_MSGSEND = YES;
				ENABLE_TESTABILITY = YES;
				GCC_C_LANGUAGE_STANDARD = gnu11;
				GCC_DYNAMIC_NO_PIC = NO;
				GCC_NO_COMMON_BLOCKS = YES;
				GCC_OPTIMIZATION_LEVEL = 0;
				GCC_PREPROCESSOR_DEFINITIONS = (
					"DEBUG=1",
					"$(inherited)",
				);
				GCC_WARN_64_TO_32_BIT_CONVERSION = YES;
				GCC_WARN_ABOUT_RETURN_TYPE = YES_ERROR;
				GCC_WARN_UNDECLARED_SELECTOR = YES;
				GCC_WARN_UNINITIALIZED_AUTOS = YES_AGGRESSIVE;
				GCC_WARN_UNUSED_FUNCTION = YES;
				GCC_WARN_UNUSED_VARIABLE = YES;
				IPHONEOS_DEPLOYMENT_TARGET = 12.2;
				MTL_ENABLE_DEBUG_INFO = INCLUDE_SOURCE;
				MTL_FAST_MATH = YES;
				ONLY_ACTIVE_ARCH = YES;
				SDKROOT = iphoneos;
				SWIFT_ACTIVE_COMPILATION_CONDITIONS = DEBUG;
				SWIFT_OPTIMIZATION_LEVEL = "-Onone";
			};
			name = Debug;
		};
		78BF2E7F22DE452D001056B8 /* Release */ = {
			isa = XCBuildConfiguration;
			buildSettings = {
				ALWAYS_SEARCH_USER_PATHS = NO;
				CLANG_ANALYZER_NONNULL = YES;
				CLANG_ANALYZER_NUMBER_OBJECT_CONVERSION = YES_AGGRESSIVE;
				CLANG_CXX_LANGUAGE_STANDARD = "gnu++14";
				CLANG_CXX_LIBRARY = "libc++";
				CLANG_ENABLE_MODULES = YES;
				CLANG_ENABLE_OBJC_ARC = YES;
				CLANG_ENABLE_OBJC_WEAK = YES;
				CLANG_WARN_BLOCK_CAPTURE_AUTORELEASING = YES;
				CLANG_WARN_BOOL_CONVERSION = YES;
				CLANG_WARN_COMMA = YES;
				CLANG_WARN_CONSTANT_CONVERSION = YES;
				CLANG_WARN_DEPRECATED_OBJC_IMPLEMENTATIONS = YES;
				CLANG_WARN_DIRECT_OBJC_ISA_USAGE = YES_ERROR;
				CLANG_WARN_DOCUMENTATION_COMMENTS = YES;
				CLANG_WARN_EMPTY_BODY = YES;
				CLANG_WARN_ENUM_CONVERSION = YES;
				CLANG_WARN_INFINITE_RECURSION = YES;
				CLANG_WARN_INT_CONVERSION = YES;
				CLANG_WARN_NON_LITERAL_NULL_CONVERSION = YES;
				CLANG_WARN_OBJC_IMPLICIT_RETAIN_SELF = YES;
				CLANG_WARN_OBJC_LITERAL_CONVERSION = YES;
				CLANG_WARN_OBJC_ROOT_CLASS = YES_ERROR;
				CLANG_WARN_RANGE_LOOP_ANALYSIS = YES;
				CLANG_WARN_STRICT_PROTOTYPES = YES;
				CLANG_WARN_SUSPICIOUS_MOVE = YES;
				CLANG_WARN_UNGUARDED_AVAILABILITY = YES_AGGRESSIVE;
				CLANG_WARN_UNREACHABLE_CODE = YES;
				CLANG_WARN__DUPLICATE_METHOD_MATCH = YES;
				CODE_SIGN_IDENTITY = "iPhone Developer";
				COPY_PHASE_STRIP = NO;
				DEBUG_INFORMATION_FORMAT = "dwarf-with-dsym";
				ENABLE_NS_ASSERTIONS = NO;
				ENABLE_STRICT_OBJC_MSGSEND = YES;
				GCC_C_LANGUAGE_STANDARD = gnu11;
				GCC_NO_COMMON_BLOCKS = YES;
				GCC_WARN_64_TO_32_BIT_CONVERSION = YES;
				GCC_WARN_ABOUT_RETURN_TYPE = YES_ERROR;
				GCC_WARN_UNDECLARED_SELECTOR = YES;
				GCC_WARN_UNINITIALIZED_AUTOS = YES_AGGRESSIVE;
				GCC_WARN_UNUSED_FUNCTION = YES;
				GCC_WARN_UNUSED_VARIABLE = YES;
				IPHONEOS_DEPLOYMENT_TARGET = 12.2;
				MTL_ENABLE_DEBUG_INFO = NO;
				MTL_FAST_MATH = YES;
				SDKROOT = iphoneos;
				SWIFT_COMPILATION_MODE = wholemodule;
				SWIFT_OPTIMIZATION_LEVEL = "-O";
				VALIDATE_PRODUCT = YES;
			};
			name = Release;
		};
		78BF2E8122DE452D001056B8 /* Debug */ = {
			isa = XCBuildConfiguration;
			buildSettings = {
				ASSETCATALOG_COMPILER_APPICON_NAME = AppIcon;
				CODE_SIGN_STYLE = Automatic;
				INFOPLIST_FILE = assignment01_A00426401/Info.plist;
				LD_RUNPATH_SEARCH_PATHS = (
					"$(inherited)",
					"@executable_path/Frameworks",
				);
				PRODUCT_BUNDLE_IDENTIFIER = "Jiye-Wang.assignment01-A00426401";
				PRODUCT_NAME = "$(TARGET_NAME)";
				SWIFT_VERSION = 5.0;
				TARGETED_DEVICE_FAMILY = "1,2";
			};
			name = Debug;
		};
		78BF2E8222DE452D001056B8 /* Release */ = {
			isa = XCBuildConfiguration;
			buildSettings = {
				ASSETCATALOG_COMPILER_APPICON_NAME = AppIcon;
				CODE_SIGN_STYLE = Automatic;
				INFOPLIST_FILE = assignment01_A00426401/Info.plist;
				LD_RUNPATH_SEARCH_PATHS = (
					"$(inherited)",
					"@executable_path/Frameworks",
				);
				PRODUCT_BUNDLE_IDENTIFIER = "Jiye-Wang.assignment01-A00426401";
				PRODUCT_NAME = "$(TARGET_NAME)";
				SWIFT_VERSION = 5.0;
				TARGETED_DEVICE_FAMILY = "1,2";
			};
			name = Release;
		};
		78BF2E8422DE452D001056B8 /* Debug */ = {
			isa = XCBuildConfiguration;
			buildSettings = {
				ALWAYS_EMBED_SWIFT_STANDARD_LIBRARIES = YES;
				BUNDLE_LOADER = "$(TEST_HOST)";
				CODE_SIGN_STYLE = Automatic;
				INFOPLIST_FILE = assignment01_A00426401Tests/Info.plist;
				LD_RUNPATH_SEARCH_PATHS = (
					"$(inherited)",
					"@executable_path/Frameworks",
					"@loader_path/Frameworks",
				);
				PRODUCT_BUNDLE_IDENTIFIER = "Jiye-Wang.assignment01-A00426401Tests";
				PRODUCT_NAME = "$(TARGET_NAME)";
				SWIFT_VERSION = 5.0;
				TARGETED_DEVICE_FAMILY = "1,2";
				TEST_HOST = "$(BUILT_PRODUCTS_DIR)/assignment01_A00426401.app/assignment01_A00426401";
			};
			name = Debug;
		};
		78BF2E8522DE452D001056B8 /* Release */ = {
			isa = XCBuildConfiguration;
			buildSettings = {
				ALWAYS_EMBED_SWIFT_STANDARD_LIBRARIES = YES;
				BUNDLE_LOADER = "$(TEST_HOST)";
				CODE_SIGN_STYLE = Automatic;
				INFOPLIST_FILE = assignment01_A00426401Tests/Info.plist;
				LD_RUNPATH_SEARCH_PATHS = (
					"$(inherited)",
					"@executable_path/Frameworks",
					"@loader_path/Frameworks",
				);
				PRODUCT_BUNDLE_IDENTIFIER = "Jiye-Wang.assignment01-A00426401Tests";
				PRODUCT_NAME = "$(TARGET_NAME)";
				SWIFT_VERSION = 5.0;
				TARGETED_DEVICE_FAMILY = "1,2";
				TEST_HOST = "$(BUILT_PRODUCTS_DIR)/assignment01_A00426401.app/assignment01_A00426401";
			};
			name = Release;
		};
		78BF2E8722DE452D001056B8 /* Debug */ = {
			isa = XCBuildConfiguration;
			buildSettings = {
				ALWAYS_EMBED_SWIFT_STANDARD_LIBRARIES = YES;
				CODE_SIGN_STYLE = Automatic;
				INFOPLIST_FILE = assignment01_A00426401UITests/Info.plist;
				LD_RUNPATH_SEARCH_PATHS = (
					"$(inherited)",
					"@executable_path/Frameworks",
					"@loader_path/Frameworks",
				);
				PRODUCT_BUNDLE_IDENTIFIER = "Jiye-Wang.assignment01-A00426401UITests";
				PRODUCT_NAME = "$(TARGET_NAME)";
				SWIFT_VERSION = 5.0;
				TARGETED_DEVICE_FAMILY = "1,2";
				TEST_TARGET_NAME = assignment01_A00426401;
			};
			name = Debug;
		};
		78BF2E8822DE452D001056B8 /* Release */ = {
			isa = XCBuildConfiguration;
			buildSettings = {
				ALWAYS_EMBED_SWIFT_STANDARD_LIBRARIES = YES;
				CODE_SIGN_STYLE = Automatic;
				INFOPLIST_FILE = assignment01_A00426401UITests/Info.plist;
				LD_RUNPATH_SEARCH_PATHS = (
					"$(inherited)",
					"@executable_path/Frameworks",
					"@loader_path/Frameworks",
				);
				PRODUCT_BUNDLE_IDENTIFIER = "Jiye-Wang.assignment01-A00426401UITests";
				PRODUCT_NAME = "$(TARGET_NAME)";
				SWIFT_VERSION = 5.0;
				TARGETED_DEVICE_FAMILY = "1,2";
				TEST_TARGET_NAME = assignment01_A00426401;
			};
			name = Release;
		};
/* End XCBuildConfiguration section */

/* Begin XCConfigurationList section */
		78BF2E5322DE452D001056B8 /* Build configuration list for PBXProject "assignment01_A00426401" */ = {
			isa = XCConfigurationList;
			buildConfigurations = (
				78BF2E7E22DE452D001056B8 /* Debug */,
				78BF2E7F22DE452D001056B8 /* Release */,
			);
			defaultConfigurationIsVisible = 0;
			defaultConfigurationName = Release;
		};
		78BF2E8022DE452D001056B8 /* Build configuration list for PBXNativeTarget "assignment01_A00426401" */ = {
			isa = XCConfigurationList;
			buildConfigurations = (
				78BF2E8122DE452D001056B8 /* Debug */,
				78BF2E8222DE452D001056B8 /* Release */,
			);
			defaultConfigurationIsVisible = 0;
			defaultConfigurationName = Release;
		};
		78BF2E8322DE452D001056B8 /* Build configuration list for PBXNativeTarget "assignment01_A00426401Tests" */ = {
			isa = XCConfigurationList;
			buildConfigurations = (
				78BF2E8422DE452D001056B8 /* Debug */,
				78BF2E8522DE452D001056B8 /* Release */,
			);
			defaultConfigurationIsVisible = 0;
			defaultConfigurationName = Release;
		};
		78BF2E8622DE452D001056B8 /* Build configuration list for PBXNativeTarget "assignment01_A00426401UITests" */ = {
			isa = XCConfigurationList;
			buildConfigurations = (
				78BF2E8722DE452D001056B8 /* Debug */,
				78BF2E8822DE452D001056B8 /* Release */,
			);
			defaultConfigurationIsVisible = 0;
			defaultConfigurationName = Release;
		};
/* End XCConfigurationList section */
	};
	rootObject = 78BF2E5022DE452D001056B8 /* Project object */;
}
